
Microsoft Visual Studio Solution File, Format Version 12.00
# Visual Studio Version 17
VisualStudioVersion = 17.8.34525.116
MinimumVisualStudioVersion = 10.0.40219.1
Project("{9A19103F-16F7-4668-BE54-9A1E7A4F7556}") = "Task1", "Task1\Task1.csproj", "{9EC04AFF-1FBE-4CD2-A92B-E05836C6499D}"
EndProject
Project("{FAE04EC0-301F-11D3-BF4B-00C04F79EFBC}") = "Task2", "Task2\Task2.csproj", "{2464C9BD-49C6-4DC7-B4C5-C6D329F4FECD}"
EndProject
Project("{FAE04EC0-301F-11D3-BF4B-00C04F79EFBC}") = "Task3", "Task3\Task3.csproj", "{D99401DA-3994-4025-B4B0-F4B90E65FD87}"
EndProject
Project("{FAE04EC0-301F-11D3-BF4B-00C04F79EFBC}") = "Task4", "Task4\Task4.csproj", "{E0FB13B6-084C-426B-A4D2-9352056B3587}"
EndProject
Project("{FAE04EC0-301F-11D3-BF4B-00C04F79EFBC}") = "task5", "task5\task5.csproj", "{6B1A4008-9543-4D53-B0D5-3A56C9411320}"
EndProject
Global
	GlobalSection(SolutionConfigurationPlatforms) = preSolution
		Debug|Any CPU = Debug|Any CPU
		Release|Any CPU = Release|Any CPU
	EndGlobalSection
	GlobalSection(ProjectConfigurationPlatforms) = postSolution
		{9EC04AFF-1FBE-4CD2-A92B-E05836C6499D}.Debug|Any CPU.ActiveCfg = Debug|Any CPU
		{9EC04AFF-1FBE-4CD2-A92B-E05836C6499D}.Debug|Any CPU.Build.0 = Debug|Any CPU
		{9EC04AFF-1FBE-4CD2-A92B-E05836C6499D}.Release|Any CPU.ActiveCfg = Release|Any CPU
		{9EC04AFF-1FBE-4CD2-A92B-E05836C6499D}.Release|Any CPU.Build.0 = Release|Any CPU
		{2464C9BD-49C6-4DC7-B4C5-C6D329F4FECD}.Debug|Any CPU.ActiveCfg = Debug|Any CPU
		{2464C9BD-49C6-4DC7-B4C5-C6D329F4FECD}.Debug|Any CPU.Build.0 = Debug|Any CPU
		{2464C9BD-49C6-4DC7-B4C5-C6D329F4FECD}.Release|Any CPU.ActiveCfg = Release|Any CPU
		{2464C9BD-49C6-4DC7-B4C5-C6D329F4FECD}.Release|Any CPU.Build.0 = Release|Any CPU
		{D99401DA-3994-4025-B4B0-F4B90E65FD87}.Debug|Any CPU.ActiveCfg = Debug|Any CPU
		{D99401DA-3994-4025-B4B0-F4B90E65FD87}.Debug|Any CPU.Build.0 = Debug|Any CPU
		{D99401DA-3994-4025-B4B0-F4B90E65FD87}.Release|Any CPU.ActiveCfg = Release|Any CPU
		{D99401DA-3994-4025-B4B0-F4B90E65FD87}.Release|Any CPU.Build.0 = Release|Any CPU
		{E0FB13B6-084C-426B-A4D2-9352056B3587}.Debug|Any CPU.ActiveCfg = Debug|Any CPU
		{E0FB13B6-084C-426B-A4D2-9352056B3587}.Debug|Any CPU.Build.0 = Debug|Any CPU
		{E0FB13B6-084C-426B-A4D2-9352056B3587}.Release|Any CPU.ActiveCfg = Release|Any CPU
		{E0FB13B6-084C-426B-A4D2-9352056B3587}.Release|Any CPU.Build.0 = Release|Any CPU
		{6B1A4008-9543-4D53-B0D5-3A56C9411320}.Debug|Any CPU.ActiveCfg = Debug|Any CPU
		{6B1A4008-9543-4D53-B0D5-3A56C9411320}.Debug|Any CPU.Build.0 = Debug|Any CPU
		{6B1A4008-9543-4D53-B0D5-3A56C9411320}.Release|Any CPU.ActiveCfg = Release|Any CPU
		{6B1A4008-9543-4D53-B0D5-3A56C9411320}.Release|Any CPU.Build.0 = Release|Any CPU
	EndGlobalSection
	GlobalSection(SolutionProperties) = preSolution
		HideSolutionNode = FALSE
	EndGlobalSection
	GlobalSection(ExtensibilityGlobals) = postSolution
		SolutionGuid = {C222E5CE-847C-4922-A993-DDCDEC45EE51}
	EndGlobalSection
EndGlobal
